// !$*UTF8*$!
{
	archiveVersion = 1;
	classes = {
	};
	objectVersion = 50;
	objects = {

/* Begin PBXBuildFile section */
		7CA736F922CBEA4100A61850 /* AppDelegate.m in Sources */ = {isa = PBXBuildFile; fileRef = 7CA736F822CBEA4100A61850 /* AppDelegate.m */; };
		7CA736FF22CBEA4100A61850 /* Main.storyboard in Resources */ = {isa = PBXBuildFile; fileRef = 7CA736FD22CBEA4100A61850 /* Main.storyboard */; };
		7CA7370122CBEA4200A61850 /* Assets.xcassets in Resources */ = {isa = PBXBuildFile; fileRef = 7CA7370022CBEA4200A61850 /* Assets.xcassets */; };
		7CA7370422CBEA4200A61850 /* LaunchScreen.storyboard in Resources */ = {isa = PBXBuildFile; fileRef = 7CA7370222CBEA4200A61850 /* LaunchScreen.storyboard */; };
		7CA7370722CBEA4200A61850 /* main.m in Sources */ = {isa = PBXBuildFile; fileRef = 7CA7370622CBEA4200A61850 /* main.m */; };
		7CFF66AE22CBEE0D0091F9E9 /* DVMCard.m in Sources */ = {isa = PBXBuildFile; fileRef = 7CFF66AD22CBEE0D0091F9E9 /* DVMCard.m */; };
		7CFF66B322CBF7500091F9E9 /* DVMCardController.m in Sources */ = {isa = PBXBuildFile; fileRef = 7CFF66B222CBF7500091F9E9 /* DVMCardController.m */; };
		7CFF66B922CC1B570091F9E9 /* DVMCardViewController.swift in Sources */ = {isa = PBXBuildFile; fileRef = 7CFF66B822CC1B570091F9E9 /* DVMCardViewController.swift */; };
/* End PBXBuildFile section */

/* Begin PBXFileReference section */
		7CA736F422CBEA4100A61850 /* DeckOfCardsObjectiveC.app */ = {isa = PBXFileReference; explicitFileType = wrapper.application; includeInIndex = 0; path = DeckOfCardsObjectiveC.app; sourceTree = BUILT_PRODUCTS_DIR; };
		7CA736F722CBEA4100A61850 /* AppDelegate.h */ = {isa = PBXFileReference; lastKnownFileType = sourcecode.c.h; path = AppDelegate.h; sourceTree = "<group>"; };
		7CA736F822CBEA4100A61850 /* AppDelegate.m */ = {isa = PBXFileReference; lastKnownFileType = sourcecode.c.objc; path = AppDelegate.m; sourceTree = "<group>"; };
		7CA736FE22CBEA4100A61850 /* Base */ = {isa = PBXFileReference; lastKnownFileType = file.storyboard; name = Base; path = Base.lproj/Main.storyboard; sourceTree = "<group>"; };
		7CA7370022CBEA4200A61850 /* Assets.xcassets */ = {isa = PBXFileReference; lastKnownFileType = folder.assetcatalog; path = Assets.xcassets; sourceTree = "<group>"; };
		7CA7370322CBEA4200A61850 /* Base */ = {isa = PBXFileReference; lastKnownFileType = file.storyboard; name = Base; path = Base.lproj/LaunchScreen.storyboard; sourceTree = "<group>"; };
		7CA7370522CBEA4200A61850 /* Info.plist */ = {isa = PBXFileReference; lastKnownFileType = text.plist.xml; path = Info.plist; sourceTree = "<group>"; };
		7CA7370622CBEA4200A61850 /* main.m */ = {isa = PBXFileReference; lastKnownFileType = sourcecode.c.objc; path = main.m; sourceTree = "<group>"; };
		7CFF66AC22CBEE0D0091F9E9 /* DVMCard.h */ = {isa = PBXFileReference; lastKnownFileType = sourcecode.c.h; path = DVMCard.h; sourceTree = "<group>"; };
		7CFF66AD22CBEE0D0091F9E9 /* DVMCard.m */ = {isa = PBXFileReference; lastKnownFileType = sourcecode.c.objc; path = DVMCard.m; sourceTree = "<group>"; };
		7CFF66B122CBF7500091F9E9 /* DVMCardController.h */ = {isa = PBXFileReference; lastKnownFileType = sourcecode.c.h; path = DVMCardController.h; sourceTree = "<group>"; };
		7CFF66B222CBF7500091F9E9 /* DVMCardController.m */ = {isa = PBXFileReference; lastKnownFileType = sourcecode.c.objc; path = DVMCardController.m; sourceTree = "<group>"; };
		7CFF66B722CC1B560091F9E9 /* DeckOfCardsObjectiveC-Bridging-Header.h */ = {isa = PBXFileReference; lastKnownFileType = sourcecode.c.h; path = "DeckOfCardsObjectiveC-Bridging-Header.h"; sourceTree = "<group>"; };
		7CFF66B822CC1B570091F9E9 /* DVMCardViewController.swift */ = {isa = PBXFileReference; lastKnownFileType = sourcecode.swift; path = DVMCardViewController.swift; sourceTree = "<group>"; };
/* End PBXFileReference section */

/* Begin PBXFrameworksBuildPhase section */
		7CA736F122CBEA4100A61850 /* Frameworks */ = {
			isa = PBXFrameworksBuildPhase;
			buildActionMask = 2147483647;
			files = (
			);
			runOnlyForDeploymentPostprocessing = 0;
		};
/* End PBXFrameworksBuildPhase section */

/* Begin PBXGroup section */
		7CA736EB22CBEA4100A61850 = {
			isa = PBXGroup;
			children = (
				7CA736F622CBEA4100A61850 /* DeckOfCardsObjectiveC */,
			);
			sourceTree = "<group>";
		};
		7CA736F522CBEA4100A61850 /* Products */ = {
			isa = PBXGroup;
			children = (
				7CA736F422CBEA4100A61850 /* DeckOfCardsObjectiveC.app */,
			);
			name = Products;
			path = ..;
			sourceTree = "<group>";
		};
		7CA736F622CBEA4100A61850 /* DeckOfCardsObjectiveC */ = {
			isa = PBXGroup;
			children = (
				7CA7370D22CBEAF400A61850 /* Resources */,
				7CA736F522CBEA4100A61850 /* Products */,
				7CFF66B022CBF72C0091F9E9 /* Model Controller */,
				7CFF66AF22CBEE140091F9E9 /* Model */,
				7CFF66AB22CBEC830091F9E9 /* View Controller */,
				7CA7370E22CBEB1B00A61850 /* Views */,
			);
			path = DeckOfCardsObjectiveC;
			sourceTree = "<group>";
		};
		7CA7370D22CBEAF400A61850 /* Resources */ = {
			isa = PBXGroup;
			children = (
				7CA736F722CBEA4100A61850 /* AppDelegate.h */,
				7CA736F822CBEA4100A61850 /* AppDelegate.m */,
				7CA7370022CBEA4200A61850 /* Assets.xcassets */,
				7CA7370222CBEA4200A61850 /* LaunchScreen.storyboard */,
				7CA7370522CBEA4200A61850 /* Info.plist */,
				7CA7370622CBEA4200A61850 /* main.m */,
			);
			path = Resources;
			sourceTree = "<group>";
		};
		7CA7370E22CBEB1B00A61850 /* Views */ = {
			isa = PBXGroup;
			children = (
				7CA736FD22CBEA4100A61850 /* Main.storyboard */,
			);
			path = Views;
			sourceTree = "<group>";
		};
		7CFF66AB22CBEC830091F9E9 /* View Controller */ = {
			isa = PBXGroup;
			children = (
				7CFF66B822CC1B570091F9E9 /* DVMCardViewController.swift */,
				7CFF66B722CC1B560091F9E9 /* DeckOfCardsObjectiveC-Bridging-Header.h */,
			);
			path = "View Controller";
			sourceTree = "<group>";
		};
		7CFF66AF22CBEE140091F9E9 /* Model */ = {
			isa = PBXGroup;
			children = (
				7CFF66AC22CBEE0D0091F9E9 /* DVMCard.h */,
				7CFF66AD22CBEE0D0091F9E9 /* DVMCard.m */,
			);
			path = Model;
			sourceTree = "<group>";
		};
		7CFF66B022CBF72C0091F9E9 /* Model Controller */ = {
			isa = PBXGroup;
			children = (
				7CFF66B122CBF7500091F9E9 /* DVMCardController.h */,
				7CFF66B222CBF7500091F9E9 /* DVMCardController.m */,
			);
			path = "Model Controller";
			sourceTree = "<group>";
		};
/* End PBXGroup section */

/* Begin PBXNativeTarget section */
		7CA736F322CBEA4100A61850 /* DeckOfCardsObjectiveC */ = {
			isa = PBXNativeTarget;
			buildConfigurationList = 7CA7370A22CBEA4200A61850 /* Build configuration list for PBXNativeTarget "DeckOfCardsObjectiveC" */;
			buildPhases = (
				7CA736F022CBEA4100A61850 /* Sources */,
				7CA736F122CBEA4100A61850 /* Frameworks */,
				7CA736F222CBEA4100A61850 /* Resources */,
			);
			buildRules = (
			);
			dependencies = (
			);
			name = DeckOfCardsObjectiveC;
			productName = DeckOfCardsObjectiveC;
			productReference = 7CA736F422CBEA4100A61850 /* DeckOfCardsObjectiveC.app */;
			productType = "com.apple.product-type.application";
		};
/* End PBXNativeTarget section */

/* Begin PBXProject section */
		7CA736EC22CBEA4100A61850 /* Project object */ = {
			isa = PBXProject;
			attributes = {
				LastUpgradeCheck = 1020;
				ORGANIZATIONNAME = "Nic Gibson";
				TargetAttributes = {
					7CA736F322CBEA4100A61850 = {
						CreatedOnToolsVersion = 10.2.1;
						LastSwiftMigration = 1020;
					};
				};
			};
			buildConfigurationList = 7CA736EF22CBEA4100A61850 /* Build configuration list for PBXProject "DeckOfCardsObjectiveC" */;
			compatibilityVersion = "Xcode 9.3";
			developmentRegion = en;
			hasScannedForEncodings = 0;
			knownRegions = (
				en,
				Base,
			);
			mainGroup = 7CA736EB22CBEA4100A61850;
			productRefGroup = 7CA736F522CBEA4100A61850 /* Products */;
			projectDirPath = "";
			projectRoot = "";
			targets = (
				7CA736F322CBEA4100A61850 /* DeckOfCardsObjectiveC */,
			);
		};
/* End PBXProject section */

/* Begin PBXResourcesBuildPhase section */
		7CA736F222CBEA4100A61850 /* Resources */ = {
			isa = PBXResourcesBuildPhase;
			buildActionMask = 2147483647;
			files = (
				7CA7370422CBEA4200A61850 /* LaunchScreen.storyboard in Resources */,
				7CA7370122CBEA4200A61850 /* Assets.xcassets in Resources */,
				7CA736FF22CBEA4100A61850 /* Main.storyboard in Resources */,
			);
			runOnlyForDeploymentPostprocessing = 0;
		};
/* End PBXResourcesBuildPhase section */

/* Begin PBXSourcesBuildPhase section */
		7CA736F022CBEA4100A61850 /* Sources */ = {
			isa = PBXSourcesBuildPhase;
			buildActionMask = 2147483647;
			files = (
				7CFF66B922CC1B570091F9E9 /* DVMCardViewController.swift in Sources */,
				7CFF66AE22CBEE0D0091F9E9 /* DVMCard.m in Sources */,
				7CA7370722CBEA4200A61850 /* main.m in Sources */,
				7CA736F922CBEA4100A61850 /* AppDelegate.m in Sources */,
				7CFF66B322CBF7500091F9E9 /* DVMCardController.m in Sources */,
			);
			runOnlyForDeploymentPostprocessing = 0;
		};
/* End PBXSourcesBuildPhase section */

/* Begin PBXVariantGroup section */
		7CA736FD22CBEA4100A61850 /* Main.storyboard */ = {
			isa = PBXVariantGroup;
			children = (
				7CA736FE22CBEA4100A61850 /* Base */,
			);
			name = Main.storyboard;
			sourceTree = "<group>";
		};
		7CA7370222CBEA4200A61850 /* LaunchScreen.storyboard */ = {
			isa = PBXVariantGroup;
			children = (
				7CA7370322CBEA4200A61850 /* Base */,
			);
			name = LaunchScreen.storyboard;
			sourceTree = "<group>";
		};
/* End PBXVariantGroup section */

/* Begin XCBuildConfiguration section */
		7CA7370822CBEA4200A61850 /* Debug */ = {
			isa = XCBuildConfiguration;
			buildSettings = {
				ALWAYS_SEARCH_USER_PATHS = NO;
				CLANG_ANALYZER_NONNULL = YES;
				CLANG_ANALYZER_NUMBER_OBJECT_CONVERSION = YES_AGGRESSIVE;
				CLANG_CXX_LANGUAGE_STANDARD = "gnu++14";
				CLANG_CXX_LIBRARY = "libc++";
				CLANG_ENABLE_MODULES = YES;
				CLANG_ENABLE_OBJC_ARC = YES;
				CLANG_ENABLE_OBJC_WEAK = YES;
				CLANG_WARN_BLOCK_CAPTURE_AUTORELEASING = YES;
				CLANG_WARN_BOOL_CONVERSION = YES;
				CLANG_WARN_COMMA = YES;
				CLANG_WARN_CONSTANT_CONVERSION = YES;
				CLANG_WARN_DEPRECATED_OBJC_IMPLEMENTATIONS = YES;
				CLANG_WARN_DIRECT_OBJC_ISA_USAGE = YES_ERROR;
				CLANG_WARN_DOCUMENTATION_COMMENTS = YES;
				CLANG_WARN_EMPTY_BODY = YES;
				CLANG_WARN_ENUM_CONVERSION = YES;
				CLANG_WARN_INFINITE_RECURSION = YES;
				CLANG_WARN_INT_CONVERSION = YES;
				CLANG_WARN_NON_LITERAL_NULL_CONVERSION = YES;
				CLANG_WARN_OBJC_IMPLICIT_RETAIN_SELF = YES;
				CLANG_WARN_OBJC_LITERAL_CONVERSION = YES;
				CLANG_WARN_OBJC_ROOT_CLASS = YES_ERROR;
				CLANG_WARN_RANGE_LOOP_ANALYSIS = YES;
				CLANG_WARN_STRICT_PROTOTYPES = YES;
				CLANG_WARN_SUSPICIOUS_MOVE = YES;
				CLANG_WARN_UNGUARDED_AVAILABILITY = YES_AGGRESSIVE;
				CLANG_WARN_UNREACHABLE_CODE = YES;
				CLANG_WARN__DUPLICATE_METHOD_MATCH = YES;
				CODE_SIGN_IDENTITY = "iPhone Developer";
				COPY_PHASE_STRIP = NO;
				DEBUG_INFORMATION_FORMAT = dwarf;
				ENABLE_STRICT_OBJC_MSGSEND = YES;
				ENABLE_TESTABILITY = YES;
				GCC_C_LANGUAGE_STANDARD = gnu11;
				GCC_DYNAMIC_NO_PIC = NO;
				GCC_NO_COMMON_BLOCKS = YES;
				GCC_OPTIMIZATION_LEVEL = 0;
				GCC_PREPROCESSOR_DEFINITIONS = (
					"DEBUG=1",
					"$(inherited)",
				);
				GCC_WARN_64_TO_32_BIT_CONVERSION = YES;
				GCC_WARN_ABOUT_RETURN_TYPE = YES_ERROR;
				GCC_WARN_UNDECLARED_SELECTOR = YES;
				GCC_WARN_UNINITIALIZED_AUTOS = YES_AGGRESSIVE;
				GCC_WARN_UNUSED_FUNCTION = YES;
				GCC_WARN_UNUSED_VARIABLE = YES;
				IPHONEOS_DEPLOYMENT_TARGET = 12.2;
				MTL_ENABLE_DEBUG_INFO = INCLUDE_SOURCE;
				MTL_FAST_MATH = YES;
				ONLY_ACTIVE_ARCH = YES;
				SDKROOT = iphoneos;
			};
			name = Debug;
		};
		7CA7370922CBEA4200A61850 /* Release */ = {
			isa = XCBuildConfiguration;
			buildSettings = {
				ALWAYS_SEARCH_USER_PATHS = NO;
				CLANG_ANALYZER_NONNULL = YES;
				CLANG_ANALYZER_NUMBER_OBJECT_CONVERSION = YES_AGGRESSIVE;
				CLANG_CXX_LANGUAGE_STANDARD = "gnu++14";
				CLANG_CXX_LIBRARY = "libc++";
				CLANG_ENABLE_MODULES = YES;
				CLANG_ENABLE_OBJC_ARC = YES;
				CLANG_ENABLE_OBJC_WEAK = YES;
				CLANG_WARN_BLOCK_CAPTURE_AUTORELEASING = YES;
				CLANG_WARN_BOOL_CONVERSION = YES;
				CLANG_WARN_COMMA = YES;
				CLANG_WARN_CONSTANT_CONVERSION = YES;
				CLANG_WARN_DEPRECATED_OBJC_IMPLEMENTATIONS = YES;
				CLANG_WARN_DIRECT_OBJC_ISA_USAGE = YES_ERROR;
				CLANG_WARN_DOCUMENTATION_COMMENTS = YES;
				CLANG_WARN_EMPTY_BODY = YES;
				CLANG_WARN_ENUM_CONVERSION = YES;
				CLANG_WARN_INFINITE_RECURSION = YES;
				CLANG_WARN_INT_CONVERSION = YES;
				CLANG_WARN_NON_LITERAL_NULL_CONVERSION = YES;
				CLANG_WARN_OBJC_IMPLICIT_RETAIN_SELF = YES;
				CLANG_WARN_OBJC_LITERAL_CONVERSION = YES;
				CLANG_WARN_OBJC_ROOT_CLASS = YES_ERROR;
				CLANG_WARN_RANGE_LOOP_ANALYSIS = YES;
				CLANG_WARN_STRICT_PROTOTYPES = YES;
				CLANG_WARN_SUSPICIOUS_MOVE = YES;
				CLANG_WARN_UNGUARDED_AVAILABILITY = YES_AGGRESSIVE;
				CLANG_WARN_UNREACHABLE_CODE = YES;
				CLANG_WARN__DUPLICATE_METHOD_MATCH = YES;
				CODE_SIGN_IDENTITY = "iPhone Developer";
				COPY_PHASE_STRIP = NO;
				DEBUG_INFORMATION_FORMAT = "dwarf-with-dsym";
				ENABLE_NS_ASSERTIONS = NO;
				ENABLE_STRICT_OBJC_MSGSEND = YES;
				GCC_C_LANGUAGE_STANDARD = gnu11;
				GCC_NO_COMMON_BLOCKS = YES;
				GCC_WARN_64_TO_32_BIT_CONVERSION = YES;
				GCC_WARN_ABOUT_RETURN_TYPE = YES_ERROR;
				GCC_WARN_UNDECLARED_SELECTOR = YES;
				GCC_WARN_UNINITIALIZED_AUTOS = YES_AGGRESSIVE;
				GCC_WARN_UNUSED_FUNCTION = YES;
				GCC_WARN_UNUSED_VARIABLE = YES;
				IPHONEOS_DEPLOYMENT_TARGET = 12.2;
				MTL_ENABLE_DEBUG_INFO = NO;
				MTL_FAST_MATH = YES;
				SDKROOT = iphoneos;
				VALIDATE_PRODUCT = YES;
			};
			name = Release;
		};
		7CA7370B22CBEA4200A61850 /* Debug */ = {
			isa = XCBuildConfiguration;
			buildSettings = {
				ASSETCATALOG_COMPILER_APPICON_NAME = AppIcon;
				CLANG_ENABLE_MODULES = YES;
				CODE_SIGN_STYLE = Automatic;
				DEVELOPMENT_TEAM = 2HLC2FMZN4;
				INFOPLIST_FILE = "$(SRCROOT)/DeckOfCardsObjectiveC/Resources/Info.plist";
				LD_RUNPATH_SEARCH_PATHS = (
					"$(inherited)",
					"@executable_path/Frameworks",
				);
				PRODUCT_BUNDLE_IDENTIFIER = com.interactivesportsapps.DeckOfCardsObjectiveC;
				PRODUCT_NAME = "$(TARGET_NAME)";
				SWIFT_OBJC_BRIDGING_HEADER = "DeckOfCardsObjectiveC/View Controller/DeckOfCardsObjectiveC-Bridging-Header.h";
				SWIFT_OPTIMIZATION_LEVEL = "-Onone";
				SWIFT_VERSION = 5.0;
				TARGETED_DEVICE_FAMILY = "1,2";
			};
			name = Debug;
		};
		7CA7370C22CBEA4200A61850 /* Release */ = {
			isa = XCBuildConfiguration;
			buildSettings = {
				ASSETCATALOG_COMPILER_APPICON_NAME = AppIcon;
				CLANG_ENABLE_MODULES = YES;
				CODE_SIGN_STYLE = Automatic;
				DEVELOPMENT_TEAM = 2HLC2FMZN4;
				INFOPLIST_FILE = "$(SRCROOT)/DeckOfCardsObjectiveC/Resources/Info.plist";
				LD_RUNPATH_SEARCH_PATHS = (
					"$(inherited)",
					"@executable_path/Frameworks",
				);
				PRODUCT_BUNDLE_IDENTIFIER = com.interactivesportsapps.DeckOfCardsObjectiveC;
				PRODUCT_NAME = "$(TARGET_NAME)";
				SWIFT_OBJC_BRIDGING_HEADER = "DeckOfCardsObjectiveC/View Controller/DeckOfCardsObjectiveC-Bridging-Header.h";
				SWIFT_VERSION = 5.0;
				TARGETED_DEVICE_FAMILY = "1,2";
			};
			name = Release;
		};
/* End XCBuildConfiguration section */

/* Begin XCConfigurationList section */
		7CA736EF22CBEA4100A61850 /* Build configuration list for PBXProject "DeckOfCardsObjectiveC" */ = {
			isa = XCConfigurationList;
			buildConfigurations = (
				7CA7370822CBEA4200A61850 /* Debug */,
				7CA7370922CBEA4200A61850 /* Release */,
			);
			defaultConfigurationIsVisible = 0;
			defaultConfigurationName = Release;
		};
		7CA7370A22CBEA4200A61850 /* Build configuration list for PBXNativeTarget "DeckOfCardsObjectiveC" */ = {
			isa = XCConfigurationList;
			buildConfigurations = (
				7CA7370B22CBEA4200A61850 /* Debug */,
				7CA7370C22CBEA4200A61850 /* Release */,
			);
			defaultConfigurationIsVisible = 0;
			defaultConfigurationName = Release;
		};
/* End XCConfigurationList section */
	};
	rootObject = 7CA736EC22CBEA4100A61850 /* Project object */;
}
